# generated by rye
# use `rye lock` or `rye sync` to update this lockfile
#
# last locked with the following flags:
#   pre: false
#   features: []
#   all-features: false
#   with-sources: false

-e file:.
aiohttp==3.9.5
    # via datasets
    # via fsspec
aioitertools==0.11.0
    # via arize-phoenix
aiosignal==1.3.1
    # via aiohttp
aiosqlite==0.20.0
    # via arize-phoenix
alembic==1.13.1
    # via arize-phoenix
annotated-types==0.7.0
    # via pydantic
anyio==4.4.0
    # via asyncer
    # via httpx
    # via openai
    # via starlette
arize-phoenix==4.2.4
arize-phoenix-evals==0.10.0
    # via arize-phoenix
asttokens==2.4.1
    # via sorcery
    # via stack-data
asyncer==0.0.7
    # via zenbase
attrs==23.2.0
    # via aiohttp
cachetools==5.3.3
    # via arize-phoenix
certifi==2024.2.2
    # via httpcore
    # via httpx
    # via requests
charset-normalizer==3.3.2
    # via requests
click==8.1.7
    # via uvicorn
cython==0.29.37
    # via hdbscan
datasets==2.19.1
decorator==5.1.1
    # via ipdb
    # via ipython
deprecated==1.2.14
    # via opentelemetry-api
    # via opentelemetry-exporter-otlp-proto-grpc
    # via opentelemetry-exporter-otlp-proto-http
dill==0.3.8
    # via datasets
    # via multiprocess
distro==1.9.0
    # via openai
executing==2.0.1
    # via sorcery
    # via stack-data
filelock==3.14.0
    # via datasets
    # via huggingface-hub
frozenlist==1.4.1
    # via aiohttp
    # via aiosignal
fsspec==2024.3.1
    # via datasets
    # via huggingface-hub
googleapis-common-protos==1.63.0
    # via opentelemetry-exporter-otlp-proto-grpc
    # via opentelemetry-exporter-otlp-proto-http
graphql-core==3.2.3
    # via strawberry-graphql
greenlet==3.0.3
    # via sqlalchemy
grpcio==1.64.0
    # via arize-phoenix
    # via opentelemetry-exporter-otlp-proto-grpc
h11==0.14.0
    # via httpcore
    # via uvicorn
hdbscan==0.8.36
    # via arize-phoenix
httpcore==1.0.5
    # via httpx
httpx==0.27.0
    # via openai
huggingface-hub==0.23.2
    # via datasets
idna==3.7
    # via anyio
    # via httpx
    # via requests
    # via yarl
importlib-metadata==7.1.0
    # via opentelemetry-api
iniconfig==2.0.0
    # via pytest
ipdb==0.13.13
ipython==8.24.0
    # via ipdb
jedi==0.19.1
    # via ipython
jinja2==3.1.4
    # via arize-phoenix
joblib==1.4.2
    # via hdbscan
    # via pynndescent
    # via scikit-learn
langsmith==0.1.65
littleutils==0.2.2
    # via sorcery
llvmlite==0.42.0
    # via numba
    # via pynndescent
mako==1.3.5
    # via alembic
markupsafe==2.1.5
    # via jinja2
    # via mako
matplotlib-inline==0.1.7
    # via ipython
multidict==6.0.5
    # via aiohttp
    # via yarl
multiprocess==0.70.16
    # via datasets
mypy==1.10.0
mypy-extensions==1.0.0
    # via mypy
nest-asyncio==1.6.0
nodeenv==1.9.0
    # via pyright
numba==0.59.1
    # via pynndescent
    # via umap-learn
numpy==1.26.4
    # via arize-phoenix
    # via datasets
    # via hdbscan
    # via numba
    # via pandas
    # via pyarrow
    # via scikit-learn
    # via scipy
    # via umap-learn
openai==1.30.5
openinference-instrumentation==0.1.7
    # via arize-phoenix
    # via openinference-instrumentation-langchain
    # via openinference-instrumentation-llama-index
    # via openinference-instrumentation-openai
openinference-instrumentation-langchain==0.1.16
    # via arize-phoenix
openinference-instrumentation-llama-index==1.4.1
    # via arize-phoenix
openinference-instrumentation-openai==0.1.6
    # via arize-phoenix
openinference-semantic-conventions==0.1.6
    # via arize-phoenix
    # via openinference-instrumentation
    # via openinference-instrumentation-langchain
    # via openinference-instrumentation-llama-index
    # via openinference-instrumentation-openai
opentelemetry-api==1.25.0
    # via openinference-instrumentation
    # via openinference-instrumentation-langchain
    # via openinference-instrumentation-llama-index
    # via openinference-instrumentation-openai
    # via opentelemetry-exporter-otlp-proto-grpc
    # via opentelemetry-exporter-otlp-proto-http
    # via opentelemetry-instrumentation
    # via opentelemetry-sdk
    # via opentelemetry-semantic-conventions
opentelemetry-exporter-otlp==1.25.0
    # via arize-phoenix
opentelemetry-exporter-otlp-proto-common==1.25.0
    # via opentelemetry-exporter-otlp-proto-grpc
    # via opentelemetry-exporter-otlp-proto-http
opentelemetry-exporter-otlp-proto-grpc==1.25.0
    # via opentelemetry-exporter-otlp
opentelemetry-exporter-otlp-proto-http==1.25.0
    # via opentelemetry-exporter-otlp
opentelemetry-instrumentation==0.45b0
    # via openinference-instrumentation-langchain
    # via openinference-instrumentation-llama-index
    # via openinference-instrumentation-openai
opentelemetry-proto==1.25.0
    # via arize-phoenix
    # via opentelemetry-exporter-otlp-proto-common
    # via opentelemetry-exporter-otlp-proto-grpc
    # via opentelemetry-exporter-otlp-proto-http
opentelemetry-sdk==1.25.0
    # via arize-phoenix
    # via opentelemetry-exporter-otlp-proto-grpc
    # via opentelemetry-exporter-otlp-proto-http
opentelemetry-semantic-conventions==0.46b0
    # via arize-phoenix
    # via openinference-instrumentation-langchain
    # via openinference-instrumentation-llama-index
    # via openinference-instrumentation-openai
    # via opentelemetry-sdk
orjson==3.10.3
    # via langsmith
packaging==24.0
    # via datasets
    # via huggingface-hub
    # via pytest
pandas==2.2.2
    # via arize-phoenix
    # via arize-phoenix-evals
    # via datasets
parso==0.8.4
    # via jedi
pexpect==4.9.0
    # via ipython
pluggy==1.5.0
    # via pytest
prompt-toolkit==3.0.45
    # via ipython
protobuf==4.25.3
    # via arize-phoenix
    # via googleapis-common-protos
    # via opentelemetry-proto
psutil==5.9.8
    # via arize-phoenix
ptyprocess==0.7.0
    # via pexpect
pure-eval==0.2.2
    # via stack-data
pyarrow==16.1.0
    # via arize-phoenix
    # via datasets
pyarrow-hotfix==0.6
    # via datasets
pydantic==2.7.2
    # via langsmith
    # via openai
pydantic-core==2.18.3
    # via pydantic
pygments==2.18.0
    # via ipython
pynndescent==0.5.12
    # via umap-learn
pyright==1.1.365
pytest==8.2.1
    # via pytest-asyncio
    # via pytest-recording
    # via syrupy
pytest-asyncio==0.23.7
pytest-recording==0.13.1
python-dateutil==2.9.0.post0
    # via pandas
    # via strawberry-graphql
python-dotenv==1.0.1
pytz==2024.1
    # via pandas
pyyaml==6.0.1
    # via datasets
    # via huggingface-hub
    # via vcrpy
requests==2.32.3
    # via arize-phoenix
    # via datasets
    # via huggingface-hub
    # via langsmith
    # via opentelemetry-exporter-otlp-proto-http
ruff==0.4.6
scikit-learn==1.5.0
    # via arize-phoenix
    # via hdbscan
    # via pynndescent
    # via umap-learn
scipy==1.13.1
    # via arize-phoenix
    # via hdbscan
    # via pynndescent
    # via scikit-learn
    # via umap-learn
setuptools==70.0.0
    # via opentelemetry-instrumentation
six==1.16.0
    # via asttokens
    # via python-dateutil
sniffio==1.3.1
    # via anyio
    # via httpx
    # via openai
sorcery==0.2.2
    # via zenbase
sqlalchemy==2.0.30
    # via alembic
    # via arize-phoenix
sqlean-py==3.45.1
    # via arize-phoenix
stack-data==0.6.3
    # via ipython
starlette==0.37.2
    # via arize-phoenix
strawberry-graphql==0.227.2
    # via arize-phoenix
syrupy==4.6.1
threadpoolctl==3.5.0
    # via scikit-learn
tqdm==4.66.4
    # via arize-phoenix
    # via arize-phoenix-evals
    # via datasets
    # via huggingface-hub
    # via openai
    # via umap-learn
traitlets==5.14.3
    # via ipython
    # via matplotlib-inline
typing-extensions==4.12.0
    # via aiosqlite
    # via alembic
    # via arize-phoenix
    # via arize-phoenix-evals
    # via huggingface-hub
    # via mypy
    # via openai
    # via openinference-instrumentation-llama-index
    # via openinference-instrumentation-openai
    # via opentelemetry-sdk
    # via pydantic
    # via pydantic-core
    # via sqlalchemy
    # via strawberry-graphql
tzdata==2024.1
    # via pandas
umap-learn==0.5.6
    # via arize-phoenix
urllib3==2.2.1
    # via requests
uvicorn==0.30.0
    # via arize-phoenix
vcrpy==6.0.1
    # via pytest-recording
wcwidth==0.2.13
    # via prompt-toolkit
wrapt==1.16.0
    # via arize-phoenix
    # via deprecated
    # via openinference-instrumentation-langchain
    # via openinference-instrumentation-llama-index
    # via openinference-instrumentation-openai
    # via opentelemetry-instrumentation
    # via sorcery
    # via vcrpy
xxhash==3.4.1
    # via datasets
yarl==1.9.4
    # via aiohttp
    # via vcrpy
zipp==3.19.0
    # via importlib-metadata
