# generated by rye
# use `rye lock` or `rye sync` to update this lockfile
#
# last locked with the following flags:
#   pre: false
#   features: []
#   all-features: false
#   with-sources: false

-e file:.
anyio==4.4.0
    # via asyncer
asttokens==2.4.1
    # via sorcery
asyncer==0.0.7
    # via zenbase
executing==2.0.1
    # via sorcery
idna==3.7
    # via anyio
littleutils==0.2.2
    # via sorcery
six==1.16.0
    # via asttokens
sniffio==1.3.1
    # via anyio
sorcery==0.2.2
    # via zenbase
wrapt==1.16.0
    # via sorcery
