# generated by rye
# use `rye lock` or `rye sync` to update this lockfile
#
# last locked with the following flags:
#   pre: false
#   features: []
#   all-features: false
#   with-sources: false

-e file:.
annotated-types==0.7.0
    # via pydantic
anyio==4.4.0
    # via asyncer
    # via httpx
    # via openai
asttokens==2.4.1
    # via sorcery
asyncer==0.0.7
    # via zenbase
certifi==2024.2.2
    # via httpcore
    # via httpx
distro==1.9.0
    # via openai
executing==2.0.1
    # via sorcery
h11==0.14.0
    # via httpcore
httpcore==1.0.5
    # via httpx
httpx==0.27.0
    # via openai
idna==3.7
    # via anyio
    # via httpx
littleutils==0.2.2
    # via sorcery
openai==1.30.5
    # via zenbase
pydantic==2.7.2
    # via openai
pydantic-core==2.18.3
    # via pydantic
six==1.16.0
    # via asttokens
sniffio==1.3.1
    # via anyio
    # via httpx
    # via openai
sorcery==0.2.2
    # via zenbase
tqdm==4.66.4
    # via openai
typing-extensions==4.12.0
    # via openai
    # via pydantic
    # via pydantic-core
wrapt==1.16.0
    # via sorcery
